{
  "name": "sucrose-examples",
  "version": "0.8.0",
  "lockfileVersion": 1,
  "requires": true,
  "dependencies": {
    "ansi-styles": {
      "version": "1.0.0",
      "resolved": "https://registry.npmjs.org/ansi-styles/-/ansi-styles-1.0.0.tgz",
      "integrity": "sha1-yxAt8cVvUSPquLZ817mAJ6AnkXg=",
      "dev": true
    },
    "chalk": {
      "version": "0.4.0",
      "resolved": "https://registry.npmjs.org/chalk/-/chalk-0.4.0.tgz",
      "integrity": "sha1-UZmj3c0MHv4jvAjBsCewYXbgxk8=",
      "dev": true,
      "requires": {
        "ansi-styles": "1.0.0",
        "has-color": "0.1.7",
        "strip-ansi": "0.1.1"
      },
      "dependencies": {
        "has-color": {
          "version": "0.1.7",
          "resolved": "https://registry.npmjs.org/has-color/-/has-color-0.1.7.tgz",
          "integrity": "sha1-ZxRKUmDDT8PMpnfQQdr1L+e3iy8=",
          "dev": true
        }
      }
    },
    "codemirror": {
      "version": "5.31.0",
      "resolved": "https://registry.npmjs.org/codemirror/-/codemirror-5.31.0.tgz",
      "integrity": "sha512-LKbMZKoAz7pMmWuSEl253G6yyloSulj1kXfvYv+3n3I8wMiI7QwnCHwKM3Zw5S9ItNV28Layq0/ihQXWmn9T9w==",
      "dev": true
    },
    "downloadjs": {
      "version": "1.4.7",
      "resolved": "https://registry.npmjs.org/downloadjs/-/downloadjs-1.4.7.tgz",
      "integrity": "sha1-9p+W+UDg0FU9rCkROYZaPNAQHjw=",
      "dev": true
    },
    "jquery": {
      "version": "https://registry.npmjs.org/jquery/-/jquery-1.12.4.tgz",
      "integrity": "sha1-AeHfuikP5z3rp3zurLD5ui/sngw="
    },
    "jquerymy": {
      "version": "https://registry.npmjs.org/jquerymy/-/jquerymy-1.2.8.tgz",
      "integrity": "sha1-WiuWn5HpVFGei+WUJcxQifDJCog=",
      "requires": {
        "jquery": "https://registry.npmjs.org/jquery/-/jquery-2.2.4.tgz",
        "sugar": "1.4.1"
      },
      "dependencies": {
        "jquery": {
          "version": "https://registry.npmjs.org/jquery/-/jquery-2.2.4.tgz",
          "integrity": "sha1-LInWiJterFIqfuoywUUhVZxsvwI="
        },
        "sugar": {
          "version": "1.4.1",
          "resolved": "https://registry.npmjs.org/sugar/-/sugar-1.4.1.tgz",
          "integrity": "sha1-ExDU3txpnloXMYNxhUGw14RKdZg="
        }
      }
    },
    "jsonlint": {
      "version": "1.6.2",
      "resolved": "https://registry.npmjs.org/jsonlint/-/jsonlint-1.6.2.tgz",
      "integrity": "sha1-VzcEUIX1XrRVxosf9OvAG9UOiDA=",
      "dev": true,
      "requires": {
        "JSV": "4.0.2",
        "nomnom": "1.8.1"
      },
      "dependencies": {
        "JSV": {
          "version": "4.0.2",
          "resolved": "https://registry.npmjs.org/JSV/-/JSV-4.0.2.tgz",
          "integrity": "sha1-0Hf2glVx+CEy+d/67Vh7QCn+/1c=",
          "dev": true
        },
        "nomnom": {
          "version": "1.8.1",
          "resolved": "https://registry.npmjs.org/nomnom/-/nomnom-1.8.1.tgz",
          "integrity": "sha1-IVH3Ikcrp55Qp2/BJbuMjy5Nwqc=",
          "dev": true,
          "requires": {
            "chalk": "0.4.0",
            "underscore": "1.6.0"
          }
        },
        "underscore": {
          "version": "1.6.0",
          "resolved": "https://registry.npmjs.org/underscore/-/underscore-1.6.0.tgz",
          "integrity": "sha1-izixDKze9jM3uLJOT/htRa6lKag=",
          "dev": true
        }
      }
    },
    "jszip": {
      "version": "3.1.5",
      "resolved": "https://registry.npmjs.org/jszip/-/jszip-3.1.5.tgz",
      "integrity": "sha512-5W8NUaFRFRqTOL7ZDDrx5qWHJyBXy6velVudIzQUSoqAAYqzSh2Z7/m0Rf1QbmQJccegD0r+YZxBjzqoBiEeJQ==",
      "requires": {
        "core-js": "2.3.0",
        "es6-promise": "3.0.2",
        "lie": "3.1.1",
        "pako": "1.0.6",
        "readable-stream": "2.0.6"
      },
      "dependencies": {
        "core-js": {
          "version": "2.3.0",
          "resolved": "https://registry.npmjs.org/core-js/-/core-js-2.3.0.tgz",
          "integrity": "sha1-+rg/uwstjchfpjbEudNMdUIMbWU="
        },
        "core-util-is": {
          "version": "1.0.2",
          "resolved": "https://registry.npmjs.org/core-util-is/-/core-util-is-1.0.2.tgz",
          "integrity": "sha1-tf1UIgqivFq1eqtxQMlAdUUDwac="
        },
        "es6-promise": {
          "version": "3.0.2",
          "resolved": "https://registry.npmjs.org/es6-promise/-/es6-promise-3.0.2.tgz",
          "integrity": "sha1-AQ1YWEI6XxGJeWZfRkhqlcbuK7Y="
        },
        "immediate": {
          "version": "3.0.6",
          "resolved": "https://registry.npmjs.org/immediate/-/immediate-3.0.6.tgz",
          "integrity": "sha1-nbHb0Pr43m++D13V5Wu2BigN5ps="
        },
        "inherits": {
          "version": "2.0.3",
          "resolved": "https://registry.npmjs.org/inherits/-/inherits-2.0.3.tgz",
          "integrity": "sha1-Yzwsg+PaQqUC9SRmAiSA9CCCYd4="
        },
        "isarray": {
          "version": "1.0.0",
          "resolved": "https://registry.npmjs.org/isarray/-/isarray-1.0.0.tgz",
          "integrity": "sha1-u5NdSFgsuhaMBoNJV6VKPgcSTxE="
        },
        "lie": {
          "version": "3.1.1",
          "resolved": "https://registry.npmjs.org/lie/-/lie-3.1.1.tgz",
          "integrity": "sha1-mkNrLMd0bKWd56QfpGmz77dr2H4=",
          "requires": {
            "immediate": "3.0.6"
          }
        },
        "pako": {
          "version": "1.0.6",
          "resolved": "https://registry.npmjs.org/pako/-/pako-1.0.6.tgz",
          "integrity": "sha512-lQe48YPsMJAig+yngZ87Lus+NF+3mtu7DVOBu6b/gHO1YpKwIj5AWjZ/TOS7i46HD/UixzWb1zeWDZfGZ3iYcg=="
        },
        "process-nextick-args": {
          "version": "1.0.7",
          "resolved": "https://registry.npmjs.org/process-nextick-args/-/process-nextick-args-1.0.7.tgz",
          "integrity": "sha1-FQ4gt1ZZCtP5EJPyWk8q2L/zC6M="
        },
        "readable-stream": {
          "version": "2.0.6",
          "resolved": "https://registry.npmjs.org/readable-stream/-/readable-stream-2.0.6.tgz",
          "integrity": "sha1-j5A0HmilPMySh4jaz80Rs265t44=",
          "requires": {
            "core-util-is": "1.0.2",
            "inherits": "2.0.3",
            "isarray": "1.0.0",
            "process-nextick-args": "1.0.7",
            "string_decoder": "0.10.31",
            "util-deprecate": "1.0.2"
          }
        },
        "string_decoder": {
          "version": "0.10.31",
          "resolved": "https://registry.npmjs.org/string_decoder/-/string_decoder-0.10.31.tgz",
          "integrity": "sha1-YuIDvEF2bGwoyfyEMB2rHFMQ+pQ="
        },
        "util-deprecate": {
          "version": "1.0.2",
          "resolved": "https://registry.npmjs.org/util-deprecate/-/util-deprecate-1.0.2.tgz",
          "integrity": "sha1-RQ1Nyfpw3nMnYvvS1KKJgUGaDM8="
        }
      }
    },
    "make-help": {
      "version": "1.0.1",
      "resolved": "https://registry.npmjs.org/make-help/-/make-help-1.0.1.tgz",
      "integrity": "sha1-7j+FgjoSrhxX9k3A12Ejz0iiPpo=",
      "dev": true
    },
    "store2": {
      "version": "2.5.9",
      "resolved": "https://registry.npmjs.org/store2/-/store2-2.5.9.tgz",
      "integrity": "sha1-WH5ivZ2+pQz8nKNnkn7uDv+Zk3s=",
      "dev": true
    },
    "strip-ansi": {
      "version": "0.1.1",
      "resolved": "https://registry.npmjs.org/strip-ansi/-/strip-ansi-0.1.1.tgz",
      "integrity": "sha1-OeipjQRNFQZgq+SmgIrPcLt7yZE=",
      "dev": true
    },
    "sugar": {
      "version": "1.5.0",
      "resolved": "https://registry.npmjs.org/sugar/-/sugar-1.5.0.tgz",
      "integrity": "sha1-2dP7oQ96iH4G5q37B4onrLH8BVY=",
      "dev": true
    }
  }
}
